
Microsoft Visual Studio Solution File, Format Version 12.00
# Visual Studio 14
VisualStudioVersion = 14.0.25420.1
MinimumVisualStudioVersion = 10.0.40219.1
Project("{FAE04EC0-301F-11D3-BF4B-00C04F79EFBC}") = "FunctionsAndTests", "FunctionsAndTests\FunctionsAndTests.csproj", "{89EA2507-3E26-41D5-9EBD-4B8F141629BC}"
EndProject
Project("{FAE04EC0-301F-11D3-BF4B-00C04F79EFBC}") = "FunctionsAndTestsTests", "FunctionsAndTestsTests\FunctionsAndTestsTests.csproj", "{3299D8A0-0AA9-49C3-BCC7-9ABDC91D365B}"
EndProject
Global
	GlobalSection(SolutionConfigurationPlatforms) = preSolution
		Debug|Any CPU = Debug|Any CPU
		Release|Any CPU = Release|Any CPU
	EndGlobalSection
	GlobalSection(ProjectConfigurationPlatforms) = postSolution
		{89EA2507-3E26-41D5-9EBD-4B8F141629BC}.Debug|Any CPU.ActiveCfg = Debug|Any CPU
		{89EA2507-3E26-41D5-9EBD-4B8F141629BC}.Debug|Any CPU.Build.0 = Debug|Any CPU
		{89EA2507-3E26-41D5-9EBD-4B8F141629BC}.Release|Any CPU.ActiveCfg = Release|Any CPU
		{89EA2507-3E26-41D5-9EBD-4B8F141629BC}.Release|Any CPU.Build.0 = Release|Any CPU
		{3299D8A0-0AA9-49C3-BCC7-9ABDC91D365B}.Debug|Any CPU.ActiveCfg = Debug|Any CPU
		{3299D8A0-0AA9-49C3-BCC7-9ABDC91D365B}.Debug|Any CPU.Build.0 = Debug|Any CPU
		{3299D8A0-0AA9-49C3-BCC7-9ABDC91D365B}.Release|Any CPU.ActiveCfg = Release|Any CPU
		{3299D8A0-0AA9-49C3-BCC7-9ABDC91D365B}.Release|Any CPU.Build.0 = Release|Any CPU
	EndGlobalSection
	GlobalSection(SolutionProperties) = preSolution
		HideSolutionNode = FALSE
	EndGlobalSection
EndGlobal
